
Microsoft Visual Studio Solution File, Format Version 12.00
# Visual Studio Version 17
VisualStudioVersion = 17.14.37216.2 d17.14
MinimumVisualStudioVersion = 10.0.40219.1
Project("{FAE04EC0-301F-11D3-BF4B-00C04F79EFBC}") = "ConsoleApp1", "ConsoleApp1.csproj", "{4BA21F26-E84E-4D78-A010-7562A38A3567}"
EndProject
Global
	GlobalSection(SolutionConfigurationPlatforms) = preSolution
		Debug|Any CPU = Debug|Any CPU
		Release|Any CPU = Release|Any CPU
	EndGlobalSection
	GlobalSection(ProjectConfigurationPlatforms) = postSolution
		{4BA21F26-E84E-4D78-A010-7562A38A3567}.Debug|Any CPU.ActiveCfg = Debug|Any CPU
		{4BA21F26-E84E-4D78-A010-7562A38A3567}.Debug|Any CPU.Build.0 = Debug|Any CPU
		{4BA21F26-E84E-4D78-A010-7562A38A3567}.Release|Any CPU.ActiveCfg = Release|Any CPU
		{4BA21F26-E84E-4D78-A010-7562A38A3567}.Release|Any CPU.Build.0 = Release|Any CPU
	EndGlobalSection
	GlobalSection(SolutionProperties) = preSolution
		HideSolutionNode = FALSE
	EndGlobalSection
	GlobalSection(ExtensibilityGlobals) = postSolution
		SolutionGuid = {CEE476AB-F556-4453-A7F7-E68A45B1950A}
	EndGlobalSection
EndGlobal
